{
  "name": "audio-project",
  "version": "0.0.0",
  "lockfileVersion": 1,
  "requires": true,
  "dependencies": {
    "@ant-design/colors": {
      "version": "7.2.0",
      "resolved": "https://registry.npmmirror.com/@ant-design/colors/-/colors-7.2.0.tgz",
      "integrity": "sha512-bjTObSnZ9C/O8MB/B4OUtd/q9COomuJAR2SYfhxLyHvCKn4EKwCN3e+fWGMo7H5InAyV0wL17jdE9ALrdOW/6A==",
      "requires": {
        "@ant-design/fast-color": "2.0.6"
      }
    },
    "@ant-design/cssinjs": {
      "version": "1.23.0",
      "resolved": "https://registry.npmmirror.com/@ant-design/cssinjs/-/cssinjs-1.23.0.tgz",
      "integrity": "sha512-7GAg9bD/iC9ikWatU9ym+P9ugJhi/WbsTWzcKN6T4gU0aehsprtke1UAaaSxxkjjmkJb3llet/rbUSLPgwlY4w==",
      "requires": {
        "@babel/runtime": "7.26.9",
        "@emotion/hash": "0.8.0",
        "@emotion/unitless": "0.7.5",
        "classnames": "2.5.1",
        "csstype": "3.1.3",
        "rc-util": "5.44.4",
        "stylis": "4.3.6"
      }
    },
    "@ant-design/cssinjs-utils": {
      "version": "1.1.3",
      "resolved": "https://registry.npmmirror.com/@ant-design/cssinjs-utils/-/cssinjs-utils-1.1.3.tgz",
      "integrity": "sha512-nOoQMLW1l+xR1Co8NFVYiP8pZp3VjIIzqV6D6ShYF2ljtdwWJn5WSsH+7kvCktXL/yhEtWURKOfH5Xz/gzlwsg==",
      "requires": {
        "@ant-design/cssinjs": "1.23.0",
        "@babel/runtime": "7.26.9",
        "rc-util": "5.44.4"
      }
    },
    "@ant-design/fast-color": {
      "version": "2.0.6",
      "resolved": "https://registry.npmmirror.com/@ant-design/fast-color/-/fast-color-2.0.6.tgz",
      "integrity": "sha512-y2217gk4NqL35giHl72o6Zzqji9O7vHh9YmhUVkPtAOpoTCH4uWxo/pr4VE8t0+ChEPs0qo4eJRC5Q1eXWo3vA==",
      "requires": {
        "@babel/runtime": "7.26.9"
      }
    },
    "@ant-design/icons": {
      "version": "5.6.1",
      "resolved": "https://registry.npmmirror.com/@ant-design/icons/-/icons-5.6.1.tgz",
      "integrity": "sha512-0/xS39c91WjPAZOWsvi1//zjx6kAp4kxWwctR6kuU6p133w8RU0D2dSCvZC19uQyharg/sAvYxGYWl01BbZZfg==",
      "requires": {
        "@ant-design/colors": "7.2.0",
        "@ant-design/icons-svg": "4.4.2",
        "@babel/runtime": "7.26.9",
        "classnames": "2.5.1",
        "rc-util": "5.44.4"
      }
    },
    "@ant-design/icons-svg": {
      "version": "4.4.2",
      "resolved": "https://registry.npmmirror.com/@ant-design/icons-svg/-/icons-svg-4.4.2.tgz",
      "integrity": "sha512-vHbT+zJEVzllwP+CM+ul7reTEfBR0vgxFe7+lREAsAA7YGsYpboiq2sQNeQeRvh09GfQgs/GyFEvZpJ9cLXpXA=="
    },
    "@ant-design/react-slick": {
      "version": "1.1.2",
      "resolved": "https://registry.npmmirror.com/@ant-design/react-slick/-/react-slick-1.1.2.tgz",
      "integrity": "sha512-EzlvzE6xQUBrZuuhSAFTdsr4P2bBBHGZwKFemEfq8gIGyIQCxalYfZW/T2ORbtQx5rU69o+WycP3exY/7T1hGA==",
      "requires": {
        "@babel/runtime": "7.26.9",
        "classnames": "2.5.1",
        "json2mq": "0.2.0",
        "resize-observer-polyfill": "1.5.1",
        "throttle-debounce": "5.0.2"
      }
    },
    "@babel/runtime": {
      "version": "7.26.9",
      "resolved": "https://registry.npmmirror.com/@babel/runtime/-/runtime-7.26.9.tgz",
      "integrity": "sha512-aA63XwOkcl4xxQa3HjPMqOP6LiK0ZDv3mUPYEFXkpHbaFjtGggE1A61FjFzJnB+p7/oy2gA8E+rcBNl/zC1tMg==",
      "requires": {
        "regenerator-runtime": "0.14.1"
      }
    },
    "@emotion/hash": {
      "version": "0.8.0",
      "resolved": "https://registry.npmmirror.com/@emotion/hash/-/hash-0.8.0.tgz",
      "integrity": "sha512-kBJtf7PH6aWwZ6fka3zQ0p6SBYzx4fl1LoZXE2RrnYST9Xljm7WfKJrU4g/Xr3Beg72MLrp1AWNUmuYJTL7Cow=="
    },
    "@emotion/unitless": {
      "version": "0.7.5",
      "resolved": "https://registry.npmmirror.com/@emotion/unitless/-/unitless-0.7.5.tgz",
      "integrity": "sha512-OWORNpfjMsSSUBVrRBVGECkhWcULOAJz9ZW8uK9qgxD+87M7jHRcvh/A96XXNhXTLmKcoYSQtBEX7lHMO7YRwg=="
    },
    "@rc-component/async-validator": {
      "version": "5.0.4",
      "resolved": "https://registry.npmmirror.com/@rc-component/async-validator/-/async-validator-5.0.4.tgz",
      "integrity": "sha512-qgGdcVIF604M9EqjNF0hbUTz42bz/RDtxWdWuU5EQe3hi7M8ob54B6B35rOsvX5eSvIHIzT9iH1R3n+hk3CGfg==",
      "requires": {
        "@babel/runtime": "7.26.9"
      }
    },
    "@rc-component/color-picker": {
      "version": "2.0.1",
      "resolved": "https://registry.npmmirror.com/@rc-component/color-picker/-/color-picker-2.0.1.tgz",
      "integrity": "sha512-WcZYwAThV/b2GISQ8F+7650r5ZZJ043E57aVBFkQ+kSY4C6wdofXgB0hBx+GPGpIU0Z81eETNoDUJMr7oy/P8Q==",
      "requires": {
        "@ant-design/fast-color": "2.0.6",
        "@babel/runtime": "7.26.9",
        "classnames": "2.5.1",
        "rc-util": "5.44.4"
      }
    },
    "@rc-component/context": {
      "version": "1.4.0",
      "resolved": "https://registry.npmmirror.com/@rc-component/context/-/context-1.4.0.tgz",
      "integrity": "sha512-kFcNxg9oLRMoL3qki0OMxK+7g5mypjgaaJp/pkOis/6rVxma9nJBF/8kCIuTYHUQNr0ii7MxqE33wirPZLJQ2w==",
      "requires": {
        "@babel/runtime": "7.26.9",
        "rc-util": "5.44.4"
      }
    },
    "@rc-component/mini-decimal": {
      "version": "1.1.0",
      "resolved": "https://registry.npmmirror.com/@rc-component/mini-decimal/-/mini-decimal-1.1.0.tgz",
      "integrity": "sha512-jS4E7T9Li2GuYwI6PyiVXmxTiM6b07rlD9Ge8uGZSCz3WlzcG5ZK7g5bbuKNeZ9pgUuPK/5guV781ujdVpm4HQ==",
      "requires": {
        "@babel/runtime": "7.26.9"
      }
    },
    "@rc-component/mutate-observer": {
      "version": "1.1.0",
      "resolved": "https://registry.npmmirror.com/@rc-component/mutate-observer/-/mutate-observer-1.1.0.tgz",
      "integrity": "sha512-QjrOsDXQusNwGZPf4/qRQasg7UFEj06XiCJ8iuiq/Io7CrHrgVi6Uuetw60WAMG1799v+aM8kyc+1L/GBbHSlw==",
      "requires": {
        "@babel/runtime": "7.26.9",
        "classnames": "2.5.1",
        "rc-util": "5.44.4"
      }
    },
    "@rc-component/portal": {
      "version": "1.1.2",
      "resolved": "https://registry.npmmirror.com/@rc-component/portal/-/portal-1.1.2.tgz",
      "integrity": "sha512-6f813C0IsasTZms08kfA8kPAGxbbkYToa8ALaiDIGGECU4i9hj8Plgbx0sNJDrey3EtHO30hmdaxtT0138xZcg==",
      "requires": {
        "@babel/runtime": "7.26.9",
        "classnames": "2.5.1",
        "rc-util": "5.44.4"
      }
    },
    "@rc-component/qrcode": {
      "version": "1.0.0",
      "resolved": "https://registry.npmmirror.com/@rc-component/qrcode/-/qrcode-1.0.0.tgz",
      "integrity": "sha512-L+rZ4HXP2sJ1gHMGHjsg9jlYBX/SLN2D6OxP9Zn3qgtpMWtO2vUfxVFwiogHpAIqs54FnALxraUy/BCO1yRIgg==",
      "requires": {
        "@babel/runtime": "7.26.9",
        "classnames": "2.5.1",
        "rc-util": "5.44.4"
      }
    },
    "@rc-component/tour": {
      "version": "1.15.1",
      "resolved": "https://registry.npmmirror.com/@rc-component/tour/-/tour-1.15.1.tgz",
      "integrity": "sha512-Tr2t7J1DKZUpfJuDZWHxyxWpfmj8EZrqSgyMZ+BCdvKZ6r1UDsfU46M/iWAAFBy961Ssfom2kv5f3UcjIL2CmQ==",
      "requires": {
        "@babel/runtime": "7.26.9",
        "@rc-component/portal": "1.1.2",
        "@rc-component/trigger": "2.2.6",
        "classnames": "2.5.1",
        "rc-util": "5.44.4"
      }
    },
    "@rc-component/trigger": {
      "version": "2.2.6",
      "resolved": "https://registry.npmmirror.com/@rc-component/trigger/-/trigger-2.2.6.tgz",
      "integrity": "sha512-/9zuTnWwhQ3S3WT1T8BubuFTT46kvnXgaERR9f4BTKyn61/wpf/BvbImzYBubzJibU707FxwbKszLlHjcLiv1Q==",
      "requires": {
        "@babel/runtime": "7.26.9",
        "@rc-component/portal": "1.1.2",
        "classnames": "2.5.1",
        "rc-motion": "2.9.5",
        "rc-resize-observer": "1.4.3",
        "rc-util": "5.44.4"
      }
    },
    "antd": {
      "version": "5.24.1",
      "resolved": "https://registry.npmmirror.com/antd/-/antd-5.24.1.tgz",
      "integrity": "sha512-RGwpXpSr2RtoUnrpJl3V6ZaTExwSXkFVxV24VUowwC04n6oA1sGyJrofQOKNqD623sVxL5UJBmf0a+BFBImP3Q==",
      "requires": {
        "@ant-design/colors": "7.2.0",
        "@ant-design/cssinjs": "1.23.0",
        "@ant-design/cssinjs-utils": "1.1.3",
        "@ant-design/fast-color": "2.0.6",
        "@ant-design/icons": "5.6.1",
        "@ant-design/react-slick": "1.1.2",
        "@babel/runtime": "7.26.9",
        "@rc-component/color-picker": "2.0.1",
        "@rc-component/mutate-observer": "1.1.0",
        "@rc-component/qrcode": "1.0.0",
        "@rc-component/tour": "1.15.1",
        "@rc-component/trigger": "2.2.6",
        "classnames": "2.5.1",
        "copy-to-clipboard": "3.3.3",
        "dayjs": "1.11.13",
        "rc-cascader": "3.33.0",
        "rc-checkbox": "3.5.0",
        "rc-collapse": "3.9.0",
        "rc-dialog": "9.6.0",
        "rc-drawer": "7.2.0",
        "rc-dropdown": "4.2.1",
        "rc-field-form": "2.7.0",
        "rc-image": "7.11.0",
        "rc-input": "1.7.2",
        "rc-input-number": "9.4.0",
        "rc-mentions": "2.19.1",
        "rc-menu": "9.16.0",
        "rc-motion": "2.9.5",
        "rc-notification": "5.6.3",
        "rc-pagination": "5.1.0",
        "rc-picker": "4.11.2",
        "rc-progress": "4.0.0",
        "rc-rate": "2.13.1",
        "rc-resize-observer": "1.4.3",
        "rc-segmented": "2.7.0",
        "rc-select": "14.16.6",
        "rc-slider": "11.1.8",
        "rc-steps": "6.0.1",
        "rc-switch": "4.1.0",
        "rc-table": "7.50.3",
        "rc-tabs": "15.5.1",
        "rc-textarea": "1.9.0",
        "rc-tooltip": "6.4.0",
        "rc-tree": "5.13.0",
        "rc-tree-select": "5.27.0",
        "rc-upload": "4.8.1",
        "rc-util": "5.44.4",
        "scroll-into-view-if-needed": "3.1.0",
        "throttle-debounce": "5.0.2"
      }
    },
    "automation-events": {
      "version": "7.1.5",
      "resolved": "https://registry.npmmirror.com/automation-events/-/automation-events-7.1.5.tgz",
      "integrity": "sha512-1t/XcUE/nhHtAyePNZHQMU3/Ka9E0CB1aA8FpzSwc1EBHMsZBtX6H5sBNngCL7pmlxoaDrpcwwHE7Kd6lkYoWA==",
      "requires": {
        "@babel/runtime": "7.26.9",
        "tslib": "2.8.1"
      }
    },
    "broker-factory": {
      "version": "3.1.0",
      "resolved": "https://registry.npmmirror.com/broker-factory/-/broker-factory-3.1.0.tgz",
      "integrity": "sha512-fxQQM1dZh8ZWeSGjnaBJmT9eeYHZC2ewdspY/v5ixPXxmwa5bn8Zdu5K+iAVULxRfO28WrUXAb3aNIB4K+TGnQ==",
      "requires": {
        "@babel/runtime": "7.26.9",
        "fast-unique-numbers": "9.0.15",
        "tslib": "2.8.1",
        "worker-factory": "7.0.36"
      }
    },
    "classnames": {
      "version": "2.5.1",
      "resolved": "https://registry.npmmirror.com/classnames/-/classnames-2.5.1.tgz",
      "integrity": "sha512-saHYOzhIQs6wy2sVxTM6bUDsQO4F50V9RQ22qBpEdCW+I+/Wmke2HOl6lS6dTpdxVhb88/I6+Hs+438c3lfUow=="
    },
    "compilerr": {
      "version": "10.0.2",
      "resolved": "https://registry.npmmirror.com/compilerr/-/compilerr-10.0.2.tgz",
      "integrity": "sha512-CFwUXxJ9OuWsSvnLSbefxi+GLsZ0YnuJh40ry5QdmZ1FWK59OG+QB8XSj6t7Kq+/c5DSS7en+cML6GlzHKH58A==",
      "requires": {
        "@babel/runtime": "7.26.9",
        "dashify": "2.0.0",
        "indefinite-article": "0.0.2",
        "tslib": "2.8.1"
      }
    },
    "compute-scroll-into-view": {
      "version": "3.1.1",
      "resolved": "https://registry.npmmirror.com/compute-scroll-into-view/-/compute-scroll-into-view-3.1.1.tgz",
      "integrity": "sha512-VRhuHOLoKYOy4UbilLbUzbYg93XLjv2PncJC50EuTWPA3gaja1UjBsUP/D/9/juV3vQFr6XBEzn9KCAHdUvOHw=="
    },
    "copy-to-clipboard": {
      "version": "3.3.3",
      "resolved": "https://registry.npmmirror.com/copy-to-clipboard/-/copy-to-clipboard-3.3.3.tgz",
      "integrity": "sha512-2KV8NhB5JqC3ky0r9PMCAZKbUHSwtEo4CwCs0KXgruG43gX5PMqDEBbVU4OUzw2MuAWUfsuFmWvEKG5QRfSnJA==",
      "requires": {
        "toggle-selection": "1.0.6"
      }
    },
    "csstype": {
      "version": "3.1.3",
      "resolved": "https://registry.npmmirror.com/csstype/-/csstype-3.1.3.tgz",
      "integrity": "sha512-M1uQkMl8rQK/szD0LNhtqxIPLpimGm8sOBwU7lLnCpSbTyY3yeU1Vc7l4KT5zT4s/yOxHH5O7tIuuLOCnLADRw=="
    },
    "dashify": {
      "version": "2.0.0",
      "resolved": "https://registry.npmmirror.com/dashify/-/dashify-2.0.0.tgz",
      "integrity": "sha512-hpA5C/YrPjucXypHPPc0oJ1l9Hf6wWbiOL7Ik42cxnsUOhWiCB/fylKbKqqJalW9FgkNQCw16YO8uW9Hs0Iy1A=="
    },
    "dayjs": {
      "version": "1.11.13",
      "resolved": "https://registry.npmmirror.com/dayjs/-/dayjs-1.11.13.tgz",
      "integrity": "sha512-oaMBel6gjolK862uaPQOVTA7q3TZhuSvuMQAAglQDOWYO9A91IrAOUJEyKVlqJlHE0vq5p5UXxzdPfMH/x6xNg=="
    },
    "extendable-media-recorder": {
      "version": "6.6.10",
      "resolved": "https://registry.npmmirror.com/extendable-media-recorder/-/extendable-media-recorder-6.6.10.tgz",
      "integrity": "sha512-gnSmLqDFq40ZdbGfuarnMLNqYPLCPpPr0p21V+g67wG4Pv2oCc/ga8sfsZrEM5GywEi7FcpyRm3z99JWZ/0aPw==",
      "requires": {
        "@babel/runtime": "7.26.9",
        "media-encoder-host": "8.1.0",
        "multi-buffer-data-view": "3.0.24",
        "recorder-audio-worklet": "5.1.39",
        "standardized-audio-context": "25.3.77",
        "subscribable-things": "2.1.47",
        "tslib": "2.8.1"
      }
    },
    "extendable-media-recorder-wav-encoder": {
      "version": "7.0.123",
      "resolved": "https://registry.npmmirror.com/extendable-media-recorder-wav-encoder/-/extendable-media-recorder-wav-encoder-7.0.123.tgz",
      "integrity": "sha512-tQFU8UD0HiQNI4F7dzPXR4gskXijpn9dv/wJUH0l+CGCZN4Q8WcEYJPI8CYxHqGOeMaFzjvBlqkkSIFZuEeVMg==",
      "requires": {
        "@babel/runtime": "7.26.9",
        "extendable-media-recorder-wav-encoder-broker": "7.0.113",
        "extendable-media-recorder-wav-encoder-worker": "8.0.110",
        "tslib": "2.8.1"
      }
    },
    "extendable-media-recorder-wav-encoder-broker": {
      "version": "7.0.113",
      "resolved": "https://registry.npmmirror.com/extendable-media-recorder-wav-encoder-broker/-/extendable-media-recorder-wav-encoder-broker-7.0.113.tgz",
      "integrity": "sha512-KkgSfoG7UKxK9tXQa4d/AsDf92bY2FTbg9H6GWMbbOA3IRuChTd70hBwPAk/WNsqPfGUxgJ8Swdq0PX43q9+mg==",
      "requires": {
        "@babel/runtime": "7.26.9",
        "broker-factory": "3.1.0",
        "extendable-media-recorder-wav-encoder-worker": "8.0.110",
        "tslib": "2.8.1"
      }
    },
    "extendable-media-recorder-wav-encoder-worker": {
      "version": "8.0.110",
      "resolved": "https://registry.npmmirror.com/extendable-media-recorder-wav-encoder-worker/-/extendable-media-recorder-wav-encoder-worker-8.0.110.tgz",
      "integrity": "sha512-EvpJglMZuqkOu7HErjvV7hn9BtDSuo2PKaw8cw3oWqzXhKn8NdhX5hkqTpSWuXObfM1bnxxsUYeenG5Yd6z2Ew==",
      "requires": {
        "@babel/runtime": "7.26.9",
        "tslib": "2.8.1",
        "worker-factory": "7.0.36"
      }
    },
    "fast-unique-numbers": {
      "version": "9.0.15",
      "resolved": "https://registry.npmmirror.com/fast-unique-numbers/-/fast-unique-numbers-9.0.15.tgz",
      "integrity": "sha512-vHj0sfq6yB37b/RAAsAJ2DzIp0LR5NlUit7nYFp2YfTUcKL9m/Yk0f0kvYPV4oiuFYXdtO5scs3LQX7qiPAVYQ==",
      "requires": {
        "@babel/runtime": "7.26.9",
        "tslib": "2.8.1"
      }
    },
    "indefinite-article": {
      "version": "0.0.2",
      "resolved": "https://registry.npmmirror.com/indefinite-article/-/indefinite-article-0.0.2.tgz",
      "integrity": "sha512-Au/2XzRkvxq2J6w5uvSSbBKPZ5kzINx5F2wb0SF8xpRL8BP9Lav81TnRbfPp6p+SYjYxwaaLn4EUwI3/MmYKSw=="
    },
    "json2mq": {
      "version": "0.2.0",
      "resolved": "https://registry.npmmirror.com/json2mq/-/json2mq-0.2.0.tgz",
      "integrity": "sha512-SzoRg7ux5DWTII9J2qkrZrqV1gt+rTaoufMxEzXbS26Uid0NwaJd123HcoB80TgubEppxxIGdNxCx50fEoEWQA==",
      "requires": {
        "string-convert": "0.2.1"
      }
    },
    "media-encoder-host": {
      "version": "8.1.0",
      "resolved": "https://registry.npmmirror.com/media-encoder-host/-/media-encoder-host-8.1.0.tgz",
      "integrity": "sha512-VwX3ex48ltl+K1ObGEq3IcZp/XqpNTWemd9brC9ovo89rYmCRKTZAp1FCyfAY86RdvSMrUs26lbo45DIDVyERg==",
      "requires": {
        "@babel/runtime": "7.26.9",
        "media-encoder-host-broker": "7.1.0",
        "media-encoder-host-worker": "9.2.0",
        "tslib": "2.8.1"
      }
    },
    "media-encoder-host-broker": {
      "version": "7.1.0",
      "resolved": "https://registry.npmmirror.com/media-encoder-host-broker/-/media-encoder-host-broker-7.1.0.tgz",
      "integrity": "sha512-Emu3f45Wbf6AoRJxfvZ8e5nh8fRVviBfkABgYNvVUsVBgJ7+l137gn324g/JmNVQhhVQ89fjmGT1kHIJ9JG5Nw==",
      "requires": {
        "@babel/runtime": "7.26.9",
        "broker-factory": "3.1.0",
        "fast-unique-numbers": "9.0.15",
        "media-encoder-host-worker": "9.2.0",
        "tslib": "2.8.1"
      }
    },
    "media-encoder-host-worker": {
      "version": "9.2.0",
      "resolved": "https://registry.npmmirror.com/media-encoder-host-worker/-/media-encoder-host-worker-9.2.0.tgz",
      "integrity": "sha512-LrJJgNBDZH2y1PYBLaiYQw9uFU5i3yPvDkDxdko+L3Z4qzhKq9+4eYxKDqlwO4EdOlaiggvMpkgZl3roOniz2A==",
      "requires": {
        "@babel/runtime": "7.26.9",
        "extendable-media-recorder-wav-encoder-broker": "7.0.113",
        "tslib": "2.8.1",
        "worker-factory": "7.0.36"
      }
    },
    "multi-buffer-data-view": {
      "version": "3.0.24",
      "resolved": "https://registry.npmmirror.com/multi-buffer-data-view/-/multi-buffer-data-view-3.0.24.tgz",
      "integrity": "sha512-jm7Ycplx37ExXyQmqhwl7zfQmAj81y5LLzVx0XyWea4omP9W/xJhLEHs/5b+WojGyYSRt8BHiXZVcYzu68Ma0Q==",
      "requires": {
        "@babel/runtime": "7.26.9",
        "tslib": "2.8.1"
      }
    },
    "rc-cascader": {
      "version": "3.33.0",
      "resolved": "https://registry.npmmirror.com/rc-cascader/-/rc-cascader-3.33.0.tgz",
      "integrity": "sha512-JvZrMbKBXIbEDmpIORxqvedY/bck6hGbs3hxdWT8eS9wSQ1P7//lGxbyKjOSyQiVBbgzNWriSe6HoMcZO/+0rQ==",
      "requires": {
        "@babel/runtime": "7.26.9",
        "classnames": "2.5.1",
        "rc-select": "14.16.6",
        "rc-tree": "5.13.0",
        "rc-util": "5.44.4"
      }
    },
    "rc-checkbox": {
      "version": "3.5.0",
      "resolved": "https://registry.npmmirror.com/rc-checkbox/-/rc-checkbox-3.5.0.tgz",
      "integrity": "sha512-aOAQc3E98HteIIsSqm6Xk2FPKIER6+5vyEFMZfo73TqM+VVAIqOkHoPjgKLqSNtVLWScoaM7vY2ZrGEheI79yg==",
      "requires": {
        "@babel/runtime": "7.26.9",
        "classnames": "2.5.1",
        "rc-util": "5.44.4"
      }
    },
    "rc-collapse": {
      "version": "3.9.0",
      "resolved": "https://registry.npmmirror.com/rc-collapse/-/rc-collapse-3.9.0.tgz",
      "integrity": "sha512-swDdz4QZ4dFTo4RAUMLL50qP0EY62N2kvmk2We5xYdRwcRn8WcYtuetCJpwpaCbUfUt5+huLpVxhvmnK+PHrkA==",
      "requires": {
        "@babel/runtime": "7.26.9",
        "classnames": "2.5.1",
        "rc-motion": "2.9.5",
        "rc-util": "5.44.4"
      }
    },
    "rc-dialog": {
      "version": "9.6.0",
      "resolved": "https://registry.npmmirror.com/rc-dialog/-/rc-dialog-9.6.0.tgz",
      "integrity": "sha512-ApoVi9Z8PaCQg6FsUzS8yvBEQy0ZL2PkuvAgrmohPkN3okps5WZ5WQWPc1RNuiOKaAYv8B97ACdsFU5LizzCqg==",
      "requires": {
        "@babel/runtime": "7.26.9",
        "@rc-component/portal": "1.1.2",
        "classnames": "2.5.1",
        "rc-motion": "2.9.5",
        "rc-util": "5.44.4"
      }
    },
    "rc-drawer": {
      "version": "7.2.0",
      "resolved": "https://registry.npmmirror.com/rc-drawer/-/rc-drawer-7.2.0.tgz",
      "integrity": "sha512-9lOQ7kBekEJRdEpScHvtmEtXnAsy+NGDXiRWc2ZVC7QXAazNVbeT4EraQKYwCME8BJLa8Bxqxvs5swwyOepRwg==",
      "requires": {
        "@babel/runtime": "7.26.9",
        "@rc-component/portal": "1.1.2",
        "classnames": "2.5.1",
        "rc-motion": "2.9.5",
        "rc-util": "5.44.4"
      }
    },
    "rc-dropdown": {
      "version": "4.2.1",
      "resolved": "https://registry.npmmirror.com/rc-dropdown/-/rc-dropdown-4.2.1.tgz",
      "integrity": "sha512-YDAlXsPv3I1n42dv1JpdM7wJ+gSUBfeyPK59ZpBD9jQhK9jVuxpjj3NmWQHOBceA1zEPVX84T2wbdb2SD0UjmA==",
      "requires": {
        "@babel/runtime": "7.26.9",
        "@rc-component/trigger": "2.2.6",
        "classnames": "2.5.1",
        "rc-util": "5.44.4"
      }
    },
    "rc-field-form": {
      "version": "2.7.0",
      "resolved": "https://registry.npmmirror.com/rc-field-form/-/rc-field-form-2.7.0.tgz",
      "integrity": "sha512-hgKsCay2taxzVnBPZl+1n4ZondsV78G++XVsMIJCAoioMjlMQR9YwAp7JZDIECzIu2Z66R+f4SFIRrO2DjDNAA==",
      "requires": {
        "@babel/runtime": "7.26.9",
        "@rc-component/async-validator": "5.0.4",
        "rc-util": "5.44.4"
      }
    },
    "rc-image": {
      "version": "7.11.0",
      "resolved": "https://registry.npmmirror.com/rc-image/-/rc-image-7.11.0.tgz",
      "integrity": "sha512-aZkTEZXqeqfPZtnSdNUnKQA0N/3MbgR7nUnZ+/4MfSFWPFHZau4p5r5ShaI0KPEMnNjv4kijSCFq/9wtJpwykw==",
      "requires": {
        "@babel/runtime": "7.26.9",
        "@rc-component/portal": "1.1.2",
        "classnames": "2.5.1",
        "rc-dialog": "9.6.0",
        "rc-motion": "2.9.5",
        "rc-util": "5.44.4"
      }
    },
    "rc-input": {
      "version": "1.7.2",
      "resolved": "https://registry.npmmirror.com/rc-input/-/rc-input-1.7.2.tgz",
      "integrity": "sha512-g3nYONnl4edWj2FfVoxsU3Ec4XTE+Hb39Kfh2MFxMZjp/0gGyPUgy/v7ZhS27ZxUFNkuIDYXm9PJsLyJbtg86A==",
      "requires": {
        "@babel/runtime": "7.26.9",
        "classnames": "2.5.1",
        "rc-util": "5.44.4"
      }
    },
    "rc-input-number": {
      "version": "9.4.0",
      "resolved": "https://registry.npmmirror.com/rc-input-number/-/rc-input-number-9.4.0.tgz",
      "integrity": "sha512-Tiy4DcXcFXAf9wDhN8aUAyMeCLHJUHA/VA/t7Hj8ZEx5ETvxG7MArDOSE6psbiSCo+vJPm4E3fGN710ITVn6GA==",
      "requires": {
        "@babel/runtime": "7.26.9",
        "@rc-component/mini-decimal": "1.1.0",
        "classnames": "2.5.1",
        "rc-input": "1.7.2",
        "rc-util": "5.44.4"
      }
    },
    "rc-mentions": {
      "version": "2.19.1",
      "resolved": "https://registry.npmmirror.com/rc-mentions/-/rc-mentions-2.19.1.tgz",
      "integrity": "sha512-KK3bAc/bPFI993J3necmaMXD2reZTzytZdlTvkeBbp50IGH1BDPDvxLdHDUrpQx2b2TGaVJsn+86BvYa03kGqA==",
      "requires": {
        "@babel/runtime": "7.26.9",
        "@rc-component/trigger": "2.2.6",
        "classnames": "2.5.1",
        "rc-input": "1.7.2",
        "rc-menu": "9.16.0",
        "rc-textarea": "1.9.0",
        "rc-util": "5.44.4"
      }
    },
    "rc-menu": {
      "version": "9.16.0",
      "resolved": "https://registry.npmmirror.com/rc-menu/-/rc-menu-9.16.0.tgz",
      "integrity": "sha512-vAL0yqPkmXWk3+YKRkmIR8TYj3RVdEt3ptG2jCJXWNAvQbT0VJJdRyHZ7kG/l1JsZlB+VJq/VcYOo69VR4oD+w==",
      "requires": {
        "@babel/runtime": "7.26.9",
        "@rc-component/trigger": "2.2.6",
        "classnames": "2.5.1",
        "rc-motion": "2.9.5",
        "rc-overflow": "1.4.1",
        "rc-util": "5.44.4"
      }
    },
    "rc-motion": {
      "version": "2.9.5",
      "resolved": "https://registry.npmmirror.com/rc-motion/-/rc-motion-2.9.5.tgz",
      "integrity": "sha512-w+XTUrfh7ArbYEd2582uDrEhmBHwK1ZENJiSJVb7uRxdE7qJSYjbO2eksRXmndqyKqKoYPc9ClpPh5242mV1vA==",
      "requires": {
        "@babel/runtime": "7.26.9",
        "classnames": "2.5.1",
        "rc-util": "5.44.4"
      }
    },
    "rc-notification": {
      "version": "5.6.3",
      "resolved": "https://registry.npmmirror.com/rc-notification/-/rc-notification-5.6.3.tgz",
      "integrity": "sha512-42szwnn8VYQoT6GnjO00i1iwqV9D1TTMvxObWsuLwgl0TsOokzhkYiufdtQBsJMFjJravS1hfDKVMHLKLcPE4g==",
      "requires": {
        "@babel/runtime": "7.26.9",
        "classnames": "2.5.1",
        "rc-motion": "2.9.5",
        "rc-util": "5.44.4"
      }
    },
    "rc-overflow": {
      "version": "1.4.1",
      "resolved": "https://registry.npmmirror.com/rc-overflow/-/rc-overflow-1.4.1.tgz",
      "integrity": "sha512-3MoPQQPV1uKyOMVNd6SZfONi+f3st0r8PksexIdBTeIYbMX0Jr+k7pHEDvsXtR4BpCv90/Pv2MovVNhktKrwvw==",
      "requires": {
        "@babel/runtime": "7.26.9",
        "classnames": "2.5.1",
        "rc-resize-observer": "1.4.3",
        "rc-util": "5.44.4"
      }
    },
    "rc-pagination": {
      "version": "5.1.0",
      "resolved": "https://registry.npmmirror.com/rc-pagination/-/rc-pagination-5.1.0.tgz",
      "integrity": "sha512-8416Yip/+eclTFdHXLKTxZvn70duYVGTvUUWbckCCZoIl3jagqke3GLsFrMs0bsQBikiYpZLD9206Ej4SOdOXQ==",
      "requires": {
        "@babel/runtime": "7.26.9",
        "classnames": "2.5.1",
        "rc-util": "5.44.4"
      }
    },
    "rc-picker": {
      "version": "4.11.2",
      "resolved": "https://registry.npmmirror.com/rc-picker/-/rc-picker-4.11.2.tgz",
      "integrity": "sha512-Cwa3frWpefhESBF20HBJtvWx3q1hCrMxSUrzuuWMTGoZVPhQllGEp2IUfzo9jC5LKm4kJx7IrH8q/W/y9wClAw==",
      "requires": {
        "@babel/runtime": "7.26.9",
        "@rc-component/trigger": "2.2.6",
        "classnames": "2.5.1",
        "rc-overflow": "1.4.1",
        "rc-resize-observer": "1.4.3",
        "rc-util": "5.44.4"
      }
    },
    "rc-progress": {
      "version": "4.0.0",
      "resolved": "https://registry.npmmirror.com/rc-progress/-/rc-progress-4.0.0.tgz",
      "integrity": "sha512-oofVMMafOCokIUIBnZLNcOZFsABaUw8PPrf1/y0ZBvKZNpOiu5h4AO9vv11Sw0p4Hb3D0yGWuEattcQGtNJ/aw==",
      "requires": {
        "@babel/runtime": "7.26.9",
        "classnames": "2.5.1",
        "rc-util": "5.44.4"
      }
    },
    "rc-rate": {
      "version": "2.13.1",
      "resolved": "https://registry.npmmirror.com/rc-rate/-/rc-rate-2.13.1.tgz",
      "integrity": "sha512-QUhQ9ivQ8Gy7mtMZPAjLbxBt5y9GRp65VcUyGUMF3N3fhiftivPHdpuDIaWIMOTEprAjZPC08bls1dQB+I1F2Q==",
      "requires": {
        "@babel/runtime": "7.26.9",
        "classnames": "2.5.1",
        "rc-util": "5.44.4"
      }
    },
    "rc-resize-observer": {
      "version": "1.4.3",
      "resolved": "https://registry.npmmirror.com/rc-resize-observer/-/rc-resize-observer-1.4.3.tgz",
      "integrity": "sha512-YZLjUbyIWox8E9i9C3Tm7ia+W7euPItNWSPX5sCcQTYbnwDb5uNpnLHQCG1f22oZWUhLw4Mv2tFmeWe68CDQRQ==",
      "requires": {
        "@babel/runtime": "7.26.9",
        "classnames": "2.5.1",
        "rc-util": "5.44.4",
        "resize-observer-polyfill": "1.5.1"
      }
    },
    "rc-segmented": {
      "version": "2.7.0",
      "resolved": "https://registry.npmmirror.com/rc-segmented/-/rc-segmented-2.7.0.tgz",
      "integrity": "sha512-liijAjXz+KnTRVnxxXG2sYDGd6iLL7VpGGdR8gwoxAXy2KglviKCxLWZdjKYJzYzGSUwKDSTdYk8brj54Bn5BA==",
      "requires": {
        "@babel/runtime": "7.26.9",
        "classnames": "2.5.1",
        "rc-motion": "2.9.5",
        "rc-util": "5.44.4"
      }
    },
    "rc-select": {
      "version": "14.16.6",
      "resolved": "https://registry.npmmirror.com/rc-select/-/rc-select-14.16.6.tgz",
      "integrity": "sha512-YPMtRPqfZWOm2XGTbx5/YVr1HT0vn//8QS77At0Gjb3Lv+Lbut0IORJPKLWu1hQ3u4GsA0SrDzs7nI8JG7Zmyg==",
      "requires": {
        "@babel/runtime": "7.26.9",
        "@rc-component/trigger": "2.2.6",
        "classnames": "2.5.1",
        "rc-motion": "2.9.5",
        "rc-overflow": "1.4.1",
        "rc-util": "5.44.4",
        "rc-virtual-list": "3.18.2"
      }
    },
    "rc-slider": {
      "version": "11.1.8",
      "resolved": "https://registry.npmmirror.com/rc-slider/-/rc-slider-11.1.8.tgz",
      "integrity": "sha512-2gg/72YFSpKP+Ja5AjC5DPL1YnV8DEITDQrcc1eASrUYjl0esptaBVJBh5nLTXCCp15eD8EuGjwezVGSHhs9tQ==",
      "requires": {
        "@babel/runtime": "7.26.9",
        "classnames": "2.5.1",
        "rc-util": "5.44.4"
      }
    },
    "rc-steps": {
      "version": "6.0.1",
      "resolved": "https://registry.npmmirror.com/rc-steps/-/rc-steps-6.0.1.tgz",
      "integrity": "sha512-lKHL+Sny0SeHkQKKDJlAjV5oZ8DwCdS2hFhAkIjuQt1/pB81M0cA0ErVFdHq9+jmPmFw1vJB2F5NBzFXLJxV+g==",
      "requires": {
        "@babel/runtime": "7.26.9",
        "classnames": "2.5.1",
        "rc-util": "5.44.4"
      }
    },
    "rc-switch": {
      "version": "4.1.0",
      "resolved": "https://registry.npmmirror.com/rc-switch/-/rc-switch-4.1.0.tgz",
      "integrity": "sha512-TI8ufP2Az9oEbvyCeVE4+90PDSljGyuwix3fV58p7HV2o4wBnVToEyomJRVyTaZeqNPAp+vqeo4Wnj5u0ZZQBg==",
      "requires": {
        "@babel/runtime": "7.26.9",
        "classnames": "2.5.1",
        "rc-util": "5.44.4"
      }
    },
    "rc-table": {
      "version": "7.50.3",
      "resolved": "https://registry.npmmirror.com/rc-table/-/rc-table-7.50.3.tgz",
      "integrity": "sha512-Z4/zNCzjv7f/XzPRecb+vJU0DJKdsYt4YRkDzNl4G05m7JmxrKGYC2KqN1Ew6jw2zJq7cxVv3z39qyZOHMuf7A==",
      "requires": {
        "@babel/runtime": "7.26.9",
        "@rc-component/context": "1.4.0",
        "classnames": "2.5.1",
        "rc-resize-observer": "1.4.3",
        "rc-util": "5.44.4",
        "rc-virtual-list": "3.18.2"
      }
    },
    "rc-tabs": {
      "version": "15.5.1",
      "resolved": "https://registry.npmmirror.com/rc-tabs/-/rc-tabs-15.5.1.tgz",
      "integrity": "sha512-yiWivLAjEo5d1v2xlseB2dQocsOhkoVSfo1krS8v8r+02K+TBUjSjXIf7dgyVSxp6wRIPv5pMi5hanNUlQMgUA==",
      "requires": {
        "@babel/runtime": "7.26.9",
        "classnames": "2.5.1",
        "rc-dropdown": "4.2.1",
        "rc-menu": "9.16.0",
        "rc-motion": "2.9.5",
        "rc-resize-observer": "1.4.3",
        "rc-util": "5.44.4"
      }
    },
    "rc-textarea": {
      "version": "1.9.0",
      "resolved": "https://registry.npmmirror.com/rc-textarea/-/rc-textarea-1.9.0.tgz",
      "integrity": "sha512-dQW/Bc/MriPBTugj2Kx9PMS5eXCCGn2cxoIaichjbNvOiARlaHdI99j4DTxLl/V8+PIfW06uFy7kjfUIDDKyxQ==",
      "requires": {
        "@babel/runtime": "7.26.9",
        "classnames": "2.5.1",
        "rc-input": "1.7.2",
        "rc-resize-observer": "1.4.3",
        "rc-util": "5.44.4"
      }
    },
    "rc-tooltip": {
      "version": "6.4.0",
      "resolved": "https://registry.npmmirror.com/rc-tooltip/-/rc-tooltip-6.4.0.tgz",
      "integrity": "sha512-kqyivim5cp8I5RkHmpsp1Nn/Wk+1oeloMv9c7LXNgDxUpGm+RbXJGL+OPvDlcRnx9DBeOe4wyOIl4OKUERyH1g==",
      "requires": {
        "@babel/runtime": "7.26.9",
        "@rc-component/trigger": "2.2.6",
        "classnames": "2.5.1",
        "rc-util": "5.44.4"
      }
    },
    "rc-tree": {
      "version": "5.13.0",
      "resolved": "https://registry.npmmirror.com/rc-tree/-/rc-tree-5.13.0.tgz",
      "integrity": "sha512-2+lFvoVRnvHQ1trlpXMOWtF8BUgF+3TiipG72uOfhpL5CUdXCk931kvDdUkTL/IZVtNEDQKwEEmJbAYJSA5NnA==",
      "requires": {
        "@babel/runtime": "7.26.9",
        "classnames": "2.5.1",
        "rc-motion": "2.9.5",
        "rc-util": "5.44.4",
        "rc-virtual-list": "3.18.2"
      }
    },
    "rc-tree-select": {
      "version": "5.27.0",
      "resolved": "https://registry.npmmirror.com/rc-tree-select/-/rc-tree-select-5.27.0.tgz",
      "integrity": "sha512-2qTBTzwIT7LRI1o7zLyrCzmo5tQanmyGbSaGTIf7sYimCklAToVVfpMC6OAldSKolcnjorBYPNSKQqJmN3TCww==",
      "requires": {
        "@babel/runtime": "7.26.9",
        "classnames": "2.5.1",
        "rc-select": "14.16.6",
        "rc-tree": "5.13.0",
        "rc-util": "5.44.4"
      }
    },
    "rc-upload": {
      "version": "4.8.1",
      "resolved": "https://registry.npmmirror.com/rc-upload/-/rc-upload-4.8.1.tgz",
      "integrity": "sha512-toEAhwl4hjLAI1u8/CgKWt30BR06ulPa4iGQSMvSXoHzO88gPCslxqV/mnn4gJU7PDoltGIC9Eh+wkeudqgHyw==",
      "requires": {
        "@babel/runtime": "7.26.9",
        "classnames": "2.5.1",
        "rc-util": "5.44.4"
      }
    },
    "rc-util": {
      "version": "5.44.4",
      "resolved": "https://registry.npmmirror.com/rc-util/-/rc-util-5.44.4.tgz",
      "integrity": "sha512-resueRJzmHG9Q6rI/DfK6Kdv9/Lfls05vzMs1Sk3M2P+3cJa+MakaZyWY8IPfehVuhPJFKrIY1IK4GqbiaiY5w==",
      "requires": {
        "@babel/runtime": "7.26.9",
        "react-is": "18.3.1"
      }
    },
    "rc-virtual-list": {
      "version": "3.18.2",
      "resolved": "https://registry.npmmirror.com/rc-virtual-list/-/rc-virtual-list-3.18.2.tgz",
      "integrity": "sha512-SkPabqstOQgJ2Q2Ob3eDPIHsNrDzQZFl8mzHiXuNablyYwddVU33Ws6oxoA7Fi/6pZeEYonrLEUiJGr/6aBVaw==",
      "requires": {
        "@babel/runtime": "7.26.9",
        "classnames": "2.5.1",
        "rc-resize-observer": "1.4.3",
        "rc-util": "5.44.4"
      }
    },
    "react-is": {
      "version": "18.3.1",
      "resolved": "https://registry.npmmirror.com/react-is/-/react-is-18.3.1.tgz",
      "integrity": "sha512-/LLMVyas0ljjAtoYiPqYiL8VWXzUUdThrmU5+n20DZv+a+ClRoevUzw5JxU+Ieh5/c87ytoTBV9G1FiKfNJdmg=="
    },
    "react-media-recorder": {
      "version": "1.7.1",
      "resolved": "https://registry.npmmirror.com/react-media-recorder/-/react-media-recorder-1.7.1.tgz",
      "integrity": "sha512-OIYA4pfGR1HbRm4aB/mv2EswDSBanh+NbUyUEEeIaHVpmsF3AOr4T0te4CgIn5ijja85A/KI+JimVoiQ93dNgA==",
      "requires": {
        "extendable-media-recorder": "6.6.10",
        "extendable-media-recorder-wav-encoder": "7.0.123"
      }
    },
    "recorder-audio-worklet": {
      "version": "5.1.39",
      "resolved": "https://registry.npmmirror.com/recorder-audio-worklet/-/recorder-audio-worklet-5.1.39.tgz",
      "integrity": "sha512-w/RazoBwZnkFnEPRsJYNThOHznLQC98/IzWRrutpJQVvCcL0nbLsVSLDaRrnrqVpRUI11VgiXRh30HaHiSdVhQ==",
      "requires": {
        "@babel/runtime": "7.26.9",
        "broker-factory": "3.1.0",
        "fast-unique-numbers": "7.0.2",
        "recorder-audio-worklet-processor": "4.2.21",
        "standardized-audio-context": "25.3.77",
        "subscribable-things": "2.1.47",
        "tslib": "2.8.1",
        "worker-factory": "6.0.76"
      },
      "dependencies": {
        "fast-unique-numbers": {
          "version": "7.0.2",
          "resolved": "https://registry.npmmirror.com/fast-unique-numbers/-/fast-unique-numbers-7.0.2.tgz",
          "integrity": "sha512-xnqpsnu889bHbq5cbDMwCJ2BPf6kjFPMu+RHfqKvisRxeEbTOVxY5aW/ZNsZ/r8OlwatxmjdFEVQog2xAhLkvg==",
          "requires": {
            "@babel/runtime": "7.26.9",
            "tslib": "2.8.1"
          }
        },
        "worker-factory": {
          "version": "6.0.76",
          "resolved": "https://registry.npmmirror.com/worker-factory/-/worker-factory-6.0.76.tgz",
          "integrity": "sha512-W1iBNPmE9p0asU4aFmYJYCnMxhkvk4qlKc660GlHxWgmflY64NxxTbmKqipu4K5p9LiKKPjqXfcQme6153BZEQ==",
          "requires": {
            "@babel/runtime": "7.26.9",
            "compilerr": "10.0.2",
            "fast-unique-numbers": "7.0.2",
            "tslib": "2.8.1"
          }
        }
      }
    },
    "recorder-audio-worklet-processor": {
      "version": "4.2.21",
      "resolved": "https://registry.npmmirror.com/recorder-audio-worklet-processor/-/recorder-audio-worklet-processor-4.2.21.tgz",
      "integrity": "sha512-oiiS2sp6eMxkvjt13yetSYUJvnAxBZk60mIxz0Vf/2lDWa/4svCyMLHIDzYKbHahkISd0UYyqLS9dI7xDlUOCA==",
      "requires": {
        "@babel/runtime": "7.26.9",
        "tslib": "2.8.1"
      }
    },
    "regenerator-runtime": {
      "version": "0.14.1",
      "resolved": "https://registry.npmmirror.com/regenerator-runtime/-/regenerator-runtime-0.14.1.tgz",
      "integrity": "sha512-dYnhHh0nJoMfnkZs6GmmhFknAGRrLznOu5nc9ML+EJxGvrx6H7teuevqVqCuPcPK//3eDrrjQhehXVx9cnkGdw=="
    },
    "resize-observer-polyfill": {
      "version": "1.5.1",
      "resolved": "https://registry.npmmirror.com/resize-observer-polyfill/-/resize-observer-polyfill-1.5.1.tgz",
      "integrity": "sha512-LwZrotdHOo12nQuZlHEmtuXdqGoOD0OhaxopaNFxWzInpEgaLWoVuAMbTzixuosCx2nEG58ngzW3vxdWoxIgdg=="
    },
    "rxjs-interop": {
      "version": "2.0.0",
      "resolved": "https://registry.npmmirror.com/rxjs-interop/-/rxjs-interop-2.0.0.tgz",
      "integrity": "sha512-ASEq9atUw7lualXB+knvgtvwkCEvGWV2gDD/8qnASzBkzEARZck9JAyxmY8OS6Nc1pCPEgDTKNcx+YqqYfzArw=="
    },
    "scroll-into-view-if-needed": {
      "version": "3.1.0",
      "resolved": "https://registry.npmmirror.com/scroll-into-view-if-needed/-/scroll-into-view-if-needed-3.1.0.tgz",
      "integrity": "sha512-49oNpRjWRvnU8NyGVmUaYG4jtTkNonFZI86MmGRDqBphEK2EXT9gdEUoQPZhuBM8yWHxCWbobltqYO5M4XrUvQ==",
      "requires": {
        "compute-scroll-into-view": "3.1.1"
      }
    },
    "standardized-audio-context": {
      "version": "25.3.77",
      "resolved": "https://registry.npmmirror.com/standardized-audio-context/-/standardized-audio-context-25.3.77.tgz",
      "integrity": "sha512-Ki9zNz6pKcC5Pi+QPjPyVsD9GwJIJWgryji0XL9cAJXMGyn+dPOf6Qik1AHei0+UNVcc4BOCa0hWLBzlwqsW/A==",
      "requires": {
        "@babel/runtime": "7.26.9",
        "automation-events": "7.1.5",
        "tslib": "2.8.1"
      }
    },
    "string-convert": {
      "version": "0.2.1",
      "resolved": "https://registry.npmmirror.com/string-convert/-/string-convert-0.2.1.tgz",
      "integrity": "sha512-u/1tdPl4yQnPBjnVrmdLo9gtuLvELKsAoRapekWggdiQNvvvum+jYF329d84NAa660KQw7pB2n36KrIKVoXa3A=="
    },
    "stylis": {
      "version": "4.3.6",
      "resolved": "https://registry.npmmirror.com/stylis/-/stylis-4.3.6.tgz",
      "integrity": "sha512-yQ3rwFWRfwNUY7H5vpU0wfdkNSnvnJinhF9830Swlaxl03zsOjCfmX0ugac+3LtK0lYSgwL/KXc8oYL3mG4YFQ=="
    },
    "subscribable-things": {
      "version": "2.1.47",
      "resolved": "https://registry.npmmirror.com/subscribable-things/-/subscribable-things-2.1.47.tgz",
      "integrity": "sha512-LEBz6py2ZombbDAziKv9mBI5n/CFb4kZ2KGyLwoazB/G91x+7s1st/rE1YAIPj/kjCEPmry9BjnRQ7NCBcq85A==",
      "requires": {
        "@babel/runtime": "7.26.9",
        "rxjs-interop": "2.0.0",
        "tslib": "2.8.1"
      }
    },
    "throttle-debounce": {
      "version": "5.0.2",
      "resolved": "https://registry.npmmirror.com/throttle-debounce/-/throttle-debounce-5.0.2.tgz",
      "integrity": "sha512-B71/4oyj61iNH0KeCamLuE2rmKuTO5byTOSVwECM5FA7TiAiAW+UqTKZ9ERueC4qvgSttUhdmq1mXC3kJqGX7A=="
    },
    "toggle-selection": {
      "version": "1.0.6",
      "resolved": "https://registry.npmmirror.com/toggle-selection/-/toggle-selection-1.0.6.tgz",
      "integrity": "sha512-BiZS+C1OS8g/q2RRbJmy59xpyghNBqrr6k5L/uKBGRsTfxmu3ffiRnd8mlGPUVayg8pvfi5urfnu8TU7DVOkLQ=="
    },
    "tslib": {
      "version": "2.8.1",
      "resolved": "https://registry.npmmirror.com/tslib/-/tslib-2.8.1.tgz",
      "integrity": "sha512-oJFu94HQb+KVduSUQL7wnpmqnfmLsOA/nAh6b6EH0wCEoK0/mPeXU6c3wKDV83MkOuHPRHtSXKKU99IBazS/2w=="
    },
    "worker-factory": {
      "version": "7.0.36",
      "resolved": "https://registry.npmmirror.com/worker-factory/-/worker-factory-7.0.36.tgz",
      "integrity": "sha512-gSYPHZRUBXUkON4LSyA7/GAVmBuJDU1WeJhFFp+ZmlxNKInWCvxG1UAS5KnwcayTfGHGVEvM1BnfgmUu8OtpnA==",
      "requires": {
        "@babel/runtime": "7.26.9",
        "fast-unique-numbers": "9.0.15",
        "tslib": "2.8.1"
      }
    }
  }
}
